
Microsoft Visual Studio Solution File, Format Version 12.00
# Visual Studio Version 16
VisualStudioVersion = 16.0.32510.428
MinimumVisualStudioVersion = 10.0.40219.1
Project("{9A19103F-16F7-4668-BE54-9A1E7A4F7556}") = "Demo-SecondApp", "Demo-SecondApp\Demo-SecondApp.csproj", "{DC38C05A-4BDA-41F5-AE63-1FD9E6DA321A}"
EndProject
Project("{9A19103F-16F7-4668-BE54-9A1E7A4F7556}") = "Demo-Variables", "Demo-Variables\Demo-Variables.csproj", "{577BF67C-128C-4A65-B1A4-0C71A9A7DF1F}"
EndProject
Project("{9A19103F-16F7-4668-BE54-9A1E7A4F7556}") = "Demos-Condition_01", "Demos-Condition_01\Demos-Condition_01.csproj", "{EB5613E8-31CB-43A3-82B8-2D2BACA8F24F}"
EndProject
Project("{9A19103F-16F7-4668-BE54-9A1E7A4F7556}") = "Demo-Condition_02", "Demo-Condition_02\Demo-Condition_02.csproj", "{328FC93D-A6BD-4916-BBA1-F23E01FBD2A1}"
EndProject
Project("{9A19103F-16F7-4668-BE54-9A1E7A4F7556}") = "Demo-IncreDecrementation", "Demo-IncreDecrementation\Demo-IncreDecrementation.csproj", "{E647B7D4-A36E-4C99-B722-A4C80765A90E}"
EndProject
Project("{9A19103F-16F7-4668-BE54-9A1E7A4F7556}") = "Demo-Ternaire", "Demo-Ternaire\Demo-Ternaire.csproj", "{1A952D67-ACAF-4B8B-986B-8C6C722F321A}"
EndProject
Project("{9A19103F-16F7-4668-BE54-9A1E7A4F7556}") = "Demo-Coalesce", "Demo-Coalesce\Demo-Coalesce.csproj", "{EDC56641-79D8-40AB-A3C6-2715027B2E1B}"
EndProject
Project("{9A19103F-16F7-4668-BE54-9A1E7A4F7556}") = "Demo-Substring", "Demo-Substring\Demo-Substring.csproj", "{99BF3659-7796-4788-95FE-7F66406A6DCC}"
EndProject
Project("{9A19103F-16F7-4668-BE54-9A1E7A4F7556}") = "Demo-Boucles", "Demo-Boucles\Demo-Boucles.csproj", "{A2DB34B8-7CE1-43EA-BDA1-E0AE01AF9F39}"
EndProject
Project("{9A19103F-16F7-4668-BE54-9A1E7A4F7556}") = "Demo-Tableau", "Demo-Tableau\Demo-Tableau.csproj", "{FF303588-44BD-4246-BC33-9C958F9191C8}"
EndProject
Project("{9A19103F-16F7-4668-BE54-9A1E7A4F7556}") = "Demo-Structures", "Demo-Structures\Demo-Structures.csproj", "{ACB9758F-E231-4A6A-9FDE-303B46E1D546}"
EndProject
Project("{9A19103F-16F7-4668-BE54-9A1E7A4F7556}") = "Demo-Methodes", "Demo-Methodes\Demo-Methodes.csproj", "{C65D332D-173D-4E94-A94E-97272E951BD1}"
EndProject
Project("{FAE04EC0-301F-11D3-BF4B-00C04F79EFBC}") = "Demo-Recursive", "Demo-Recursive\Demo-Recursive.csproj", "{574AB042-B207-4514-BDD2-24E7BE0C2184}"
EndProject
Global
	GlobalSection(SolutionConfigurationPlatforms) = preSolution
		Debug|Any CPU = Debug|Any CPU
		Release|Any CPU = Release|Any CPU
	EndGlobalSection
	GlobalSection(ProjectConfigurationPlatforms) = postSolution
		{DC38C05A-4BDA-41F5-AE63-1FD9E6DA321A}.Debug|Any CPU.ActiveCfg = Debug|Any CPU
		{DC38C05A-4BDA-41F5-AE63-1FD9E6DA321A}.Debug|Any CPU.Build.0 = Debug|Any CPU
		{DC38C05A-4BDA-41F5-AE63-1FD9E6DA321A}.Release|Any CPU.ActiveCfg = Release|Any CPU
		{DC38C05A-4BDA-41F5-AE63-1FD9E6DA321A}.Release|Any CPU.Build.0 = Release|Any CPU
		{577BF67C-128C-4A65-B1A4-0C71A9A7DF1F}.Debug|Any CPU.ActiveCfg = Debug|Any CPU
		{577BF67C-128C-4A65-B1A4-0C71A9A7DF1F}.Debug|Any CPU.Build.0 = Debug|Any CPU
		{577BF67C-128C-4A65-B1A4-0C71A9A7DF1F}.Release|Any CPU.ActiveCfg = Release|Any CPU
		{577BF67C-128C-4A65-B1A4-0C71A9A7DF1F}.Release|Any CPU.Build.0 = Release|Any CPU
		{EB5613E8-31CB-43A3-82B8-2D2BACA8F24F}.Debug|Any CPU.ActiveCfg = Debug|Any CPU
		{EB5613E8-31CB-43A3-82B8-2D2BACA8F24F}.Debug|Any CPU.Build.0 = Debug|Any CPU
		{EB5613E8-31CB-43A3-82B8-2D2BACA8F24F}.Release|Any CPU.ActiveCfg = Release|Any CPU
		{EB5613E8-31CB-43A3-82B8-2D2BACA8F24F}.Release|Any CPU.Build.0 = Release|Any CPU
		{328FC93D-A6BD-4916-BBA1-F23E01FBD2A1}.Debug|Any CPU.ActiveCfg = Debug|Any CPU
		{328FC93D-A6BD-4916-BBA1-F23E01FBD2A1}.Debug|Any CPU.Build.0 = Debug|Any CPU
		{328FC93D-A6BD-4916-BBA1-F23E01FBD2A1}.Release|Any CPU.ActiveCfg = Release|Any CPU
		{328FC93D-A6BD-4916-BBA1-F23E01FBD2A1}.Release|Any CPU.Build.0 = Release|Any CPU
		{E647B7D4-A36E-4C99-B722-A4C80765A90E}.Debug|Any CPU.ActiveCfg = Debug|Any CPU
		{E647B7D4-A36E-4C99-B722-A4C80765A90E}.Debug|Any CPU.Build.0 = Debug|Any CPU
		{E647B7D4-A36E-4C99-B722-A4C80765A90E}.Release|Any CPU.ActiveCfg = Release|Any CPU
		{E647B7D4-A36E-4C99-B722-A4C80765A90E}.Release|Any CPU.Build.0 = Release|Any CPU
		{1A952D67-ACAF-4B8B-986B-8C6C722F321A}.Debug|Any CPU.ActiveCfg = Debug|Any CPU
		{1A952D67-ACAF-4B8B-986B-8C6C722F321A}.Debug|Any CPU.Build.0 = Debug|Any CPU
		{1A952D67-ACAF-4B8B-986B-8C6C722F321A}.Release|Any CPU.ActiveCfg = Release|Any CPU
		{1A952D67-ACAF-4B8B-986B-8C6C722F321A}.Release|Any CPU.Build.0 = Release|Any CPU
		{EDC56641-79D8-40AB-A3C6-2715027B2E1B}.Debug|Any CPU.ActiveCfg = Debug|Any CPU
		{EDC56641-79D8-40AB-A3C6-2715027B2E1B}.Debug|Any CPU.Build.0 = Debug|Any CPU
		{EDC56641-79D8-40AB-A3C6-2715027B2E1B}.Release|Any CPU.ActiveCfg = Release|Any CPU
		{EDC56641-79D8-40AB-A3C6-2715027B2E1B}.Release|Any CPU.Build.0 = Release|Any CPU
		{99BF3659-7796-4788-95FE-7F66406A6DCC}.Debug|Any CPU.ActiveCfg = Debug|Any CPU
		{99BF3659-7796-4788-95FE-7F66406A6DCC}.Debug|Any CPU.Build.0 = Debug|Any CPU
		{99BF3659-7796-4788-95FE-7F66406A6DCC}.Release|Any CPU.ActiveCfg = Release|Any CPU
		{99BF3659-7796-4788-95FE-7F66406A6DCC}.Release|Any CPU.Build.0 = Release|Any CPU
		{A2DB34B8-7CE1-43EA-BDA1-E0AE01AF9F39}.Debug|Any CPU.ActiveCfg = Debug|Any CPU
		{A2DB34B8-7CE1-43EA-BDA1-E0AE01AF9F39}.Debug|Any CPU.Build.0 = Debug|Any CPU
		{A2DB34B8-7CE1-43EA-BDA1-E0AE01AF9F39}.Release|Any CPU.ActiveCfg = Release|Any CPU
		{A2DB34B8-7CE1-43EA-BDA1-E0AE01AF9F39}.Release|Any CPU.Build.0 = Release|Any CPU
		{FF303588-44BD-4246-BC33-9C958F9191C8}.Debug|Any CPU.ActiveCfg = Debug|Any CPU
		{FF303588-44BD-4246-BC33-9C958F9191C8}.Debug|Any CPU.Build.0 = Debug|Any CPU
		{FF303588-44BD-4246-BC33-9C958F9191C8}.Release|Any CPU.ActiveCfg = Release|Any CPU
		{FF303588-44BD-4246-BC33-9C958F9191C8}.Release|Any CPU.Build.0 = Release|Any CPU
		{ACB9758F-E231-4A6A-9FDE-303B46E1D546}.Debug|Any CPU.ActiveCfg = Debug|Any CPU
		{ACB9758F-E231-4A6A-9FDE-303B46E1D546}.Debug|Any CPU.Build.0 = Debug|Any CPU
		{ACB9758F-E231-4A6A-9FDE-303B46E1D546}.Release|Any CPU.ActiveCfg = Release|Any CPU
		{ACB9758F-E231-4A6A-9FDE-303B46E1D546}.Release|Any CPU.Build.0 = Release|Any CPU
		{C65D332D-173D-4E94-A94E-97272E951BD1}.Debug|Any CPU.ActiveCfg = Debug|Any CPU
		{C65D332D-173D-4E94-A94E-97272E951BD1}.Debug|Any CPU.Build.0 = Debug|Any CPU
		{C65D332D-173D-4E94-A94E-97272E951BD1}.Release|Any CPU.ActiveCfg = Release|Any CPU
		{C65D332D-173D-4E94-A94E-97272E951BD1}.Release|Any CPU.Build.0 = Release|Any CPU
		{574AB042-B207-4514-BDD2-24E7BE0C2184}.Debug|Any CPU.ActiveCfg = Debug|Any CPU
		{574AB042-B207-4514-BDD2-24E7BE0C2184}.Debug|Any CPU.Build.0 = Debug|Any CPU
		{574AB042-B207-4514-BDD2-24E7BE0C2184}.Release|Any CPU.ActiveCfg = Release|Any CPU
		{574AB042-B207-4514-BDD2-24E7BE0C2184}.Release|Any CPU.Build.0 = Release|Any CPU
	EndGlobalSection
	GlobalSection(SolutionProperties) = preSolution
		HideSolutionNode = FALSE
	EndGlobalSection
	GlobalSection(ExtensibilityGlobals) = postSolution
		SolutionGuid = {B1FA610A-93E1-4EC8-BFAB-64D20DEA3E25}
	EndGlobalSection
EndGlobal
