
Microsoft Visual Studio Solution File, Format Version 12.00
# Visual Studio Version 16
VisualStudioVersion = 16.0.32510.428
MinimumVisualStudioVersion = 10.0.40219.1
Project("{9A19103F-16F7-4668-BE54-9A1E7A4F7556}") = "Demo-SecondApp", "Demo-SecondApp\Demo-SecondApp.csproj", "{DC38C05A-4BDA-41F5-AE63-1FD9E6DA321A}"
EndProject
Project("{FAE04EC0-301F-11D3-BF4B-00C04F79EFBC}") = "Demo-Variables", "Demo-Variables\Demo-Variables.csproj", "{577BF67C-128C-4A65-B1A4-0C71A9A7DF1F}"
EndProject
Global
	GlobalSection(SolutionConfigurationPlatforms) = preSolution
		Debug|Any CPU = Debug|Any CPU
		Release|Any CPU = Release|Any CPU
	EndGlobalSection
	GlobalSection(ProjectConfigurationPlatforms) = postSolution
		{DC38C05A-4BDA-41F5-AE63-1FD9E6DA321A}.Debug|Any CPU.ActiveCfg = Debug|Any CPU
		{DC38C05A-4BDA-41F5-AE63-1FD9E6DA321A}.Debug|Any CPU.Build.0 = Debug|Any CPU
		{DC38C05A-4BDA-41F5-AE63-1FD9E6DA321A}.Release|Any CPU.ActiveCfg = Release|Any CPU
		{DC38C05A-4BDA-41F5-AE63-1FD9E6DA321A}.Release|Any CPU.Build.0 = Release|Any CPU
		{577BF67C-128C-4A65-B1A4-0C71A9A7DF1F}.Debug|Any CPU.ActiveCfg = Debug|Any CPU
		{577BF67C-128C-4A65-B1A4-0C71A9A7DF1F}.Debug|Any CPU.Build.0 = Debug|Any CPU
		{577BF67C-128C-4A65-B1A4-0C71A9A7DF1F}.Release|Any CPU.ActiveCfg = Release|Any CPU
		{577BF67C-128C-4A65-B1A4-0C71A9A7DF1F}.Release|Any CPU.Build.0 = Release|Any CPU
	EndGlobalSection
	GlobalSection(SolutionProperties) = preSolution
		HideSolutionNode = FALSE
	EndGlobalSection
	GlobalSection(ExtensibilityGlobals) = postSolution
		SolutionGuid = {B1FA610A-93E1-4EC8-BFAB-64D20DEA3E25}
	EndGlobalSection
EndGlobal
